schema: '2.0'
stages:
  load_data:
    cmd: python src\stage_02_load_data.py --config=params.yaml
    deps:
    - path: actual_data\Final_Train.xlsx
      md5: 322b1fe7ece2d9850ccba3fd0977dc11
      size: 241104
    - path: src\stage_01_get_data.py
      md5: f9b2a54a1920ba071f0cccb60226e3fb
      size: 1125
    - path: src\stage_02_load_data.py
      md5: dfa822cc0005714ff2a55e9453f0b6bd
      size: 1222
    outs:
    - path: data\raw\Final_Train.csv
      md5: f1ed5e0b61ab183a994588bc463dbf02
      size: 558363
  preprocess_data:
    cmd: python src\stage_03_preprocess_data.py --config=params.yaml
    deps:
    - path: data\raw\Final_Train.csv
      md5: f1ed5e0b61ab183a994588bc463dbf02
      size: 558363
    - path: src\stage_03_preprocess_data.py
      md5: 6c724f981fd571a01d6f8735f6c384b8
      size: 5167
    outs:
    - path: data\raw\processed_data.csv
      md5: 83f79b75632b1bb03531cb7fd6dcfe03
      size: 382388
  split_data:
    cmd: python src\stage_04_split_data.py --config=params.yaml
    deps:
    - path: data\raw\processed_data.csv
      md5: 83f79b75632b1bb03531cb7fd6dcfe03
      size: 382388
    - path: src\stage_04_split_data.py
      md5: 7e69b47779d5e00de4da81689a806216
      size: 1959
    outs:
    - path: data\processed\test_Final.csv
      md5: 2880348eea15be375cea2b5aa5e1dd6c
      size: 76877
    - path: data\processed\train_Final.csv
      md5: fbcec61ae1e4c84efa645a358933431b
      size: 305939
